
Microsoft Visual Studio Solution File, Format Version 12.00
# Visual Studio Version 17
VisualStudioVersion = 17.3.32929.385
MinimumVisualStudioVersion = 10.0.40219.1
Project("{FAE04EC0-301F-11D3-BF4B-00C04F79EFBC}") = "PanelExntension.Avalonia", "PanelExntension.Avalonia\PanelExntension.Avalonia.csproj", "{8CDA010D-EE72-4A3E-AA13-8315683AACEF}"
EndProject
Project("{FAE04EC0-301F-11D3-BF4B-00C04F79EFBC}") = "AvaloniaSample", "AvaloniaSample\AvaloniaSample.csproj", "{89B2E16B-BBDB-4E4B-8D21-60E32FD5B163}"
EndProject
Global
	GlobalSection(SolutionConfigurationPlatforms) = preSolution
		Debug|Any CPU = Debug|Any CPU
		Release|Any CPU = Release|Any CPU
	EndGlobalSection
	GlobalSection(ProjectConfigurationPlatforms) = postSolution
		{8CDA010D-EE72-4A3E-AA13-8315683AACEF}.Debug|Any CPU.ActiveCfg = Debug|Any CPU
		{8CDA010D-EE72-4A3E-AA13-8315683AACEF}.Debug|Any CPU.Build.0 = Debug|Any CPU
		{8CDA010D-EE72-4A3E-AA13-8315683AACEF}.Release|Any CPU.ActiveCfg = Release|Any CPU
		{8CDA010D-EE72-4A3E-AA13-8315683AACEF}.Release|Any CPU.Build.0 = Release|Any CPU
		{89B2E16B-BBDB-4E4B-8D21-60E32FD5B163}.Debug|Any CPU.ActiveCfg = Debug|Any CPU
		{89B2E16B-BBDB-4E4B-8D21-60E32FD5B163}.Debug|Any CPU.Build.0 = Debug|Any CPU
		{89B2E16B-BBDB-4E4B-8D21-60E32FD5B163}.Release|Any CPU.ActiveCfg = Release|Any CPU
		{89B2E16B-BBDB-4E4B-8D21-60E32FD5B163}.Release|Any CPU.Build.0 = Release|Any CPU
	EndGlobalSection
	GlobalSection(SolutionProperties) = preSolution
		HideSolutionNode = FALSE
	EndGlobalSection
	GlobalSection(ExtensibilityGlobals) = postSolution
		SolutionGuid = {A3AC7B6E-7257-4447-BEFA-6267D901D2BC}
	EndGlobalSection
EndGlobal
